
Microsoft Visual Studio Solution File, Format Version 12.00
# Visual Studio Version 17
VisualStudioVersion = 17.0.31903.59
MinimumVisualStudioVersion = 10.0.40219.1
Project("{FAE04EC0-301F-11D3-BF4B-00C04F79EFBC}") = "App.Business", "Business\App.Business.csproj", "{20497ACD-89DA-4BDE-A66E-BCC0D7F6DD49}"
EndProject
Project("{FAE04EC0-301F-11D3-BF4B-00C04F79EFBC}") = "App.Presentation", "Presentation\App.Presentation.csproj", "{ED41EA00-A1B5-4028-BFD9-82084BD42C2D}"
EndProject
Project("{FAE04EC0-301F-11D3-BF4B-00C04F79EFBC}") = "App.Data", "Data\App.Data.csproj", "{1A02CE69-191C-40CC-9F74-BC2206592774}"
EndProject
Global
	GlobalSection(SolutionConfigurationPlatforms) = preSolution
		Debug|Any CPU = Debug|Any CPU
		Release|Any CPU = Release|Any CPU
	EndGlobalSection
	GlobalSection(SolutionProperties) = preSolution
		HideSolutionNode = FALSE
	EndGlobalSection
	GlobalSection(ProjectConfigurationPlatforms) = postSolution
		{20497ACD-89DA-4BDE-A66E-BCC0D7F6DD49}.Debug|Any CPU.ActiveCfg = Debug|Any CPU
		{20497ACD-89DA-4BDE-A66E-BCC0D7F6DD49}.Debug|Any CPU.Build.0 = Debug|Any CPU
		{20497ACD-89DA-4BDE-A66E-BCC0D7F6DD49}.Release|Any CPU.ActiveCfg = Release|Any CPU
		{20497ACD-89DA-4BDE-A66E-BCC0D7F6DD49}.Release|Any CPU.Build.0 = Release|Any CPU
		{1C55AB14-53BE-47F9-9E3D-8FF7EA482A8F}.Debug|Any CPU.ActiveCfg = Debug|Any CPU
		{1C55AB14-53BE-47F9-9E3D-8FF7EA482A8F}.Debug|Any CPU.Build.0 = Debug|Any CPU
		{1C55AB14-53BE-47F9-9E3D-8FF7EA482A8F}.Release|Any CPU.ActiveCfg = Release|Any CPU
		{1C55AB14-53BE-47F9-9E3D-8FF7EA482A8F}.Release|Any CPU.Build.0 = Release|Any CPU
		{ED41EA00-A1B5-4028-BFD9-82084BD42C2D}.Debug|Any CPU.ActiveCfg = Debug|Any CPU
		{ED41EA00-A1B5-4028-BFD9-82084BD42C2D}.Debug|Any CPU.Build.0 = Debug|Any CPU
		{ED41EA00-A1B5-4028-BFD9-82084BD42C2D}.Release|Any CPU.ActiveCfg = Release|Any CPU
		{ED41EA00-A1B5-4028-BFD9-82084BD42C2D}.Release|Any CPU.Build.0 = Release|Any CPU
		{1A02CE69-191C-40CC-9F74-BC2206592774}.Debug|Any CPU.ActiveCfg = Debug|Any CPU
		{1A02CE69-191C-40CC-9F74-BC2206592774}.Debug|Any CPU.Build.0 = Debug|Any CPU
		{1A02CE69-191C-40CC-9F74-BC2206592774}.Release|Any CPU.ActiveCfg = Release|Any CPU
		{1A02CE69-191C-40CC-9F74-BC2206592774}.Release|Any CPU.Build.0 = Release|Any CPU
	EndGlobalSection
EndGlobal
